
Microsoft Visual Studio Solution File, Format Version 12.00
# Visual Studio Version 16
VisualStudioVersion = 16.0.31727.386
MinimumVisualStudioVersion = 10.0.40219.1
Project("{FAE04EC0-301F-11D3-BF4B-00C04F79EFBC}") = "Item12_70page", "Item12_70page\Item12_70page.csproj", "{9C5EA6CA-3E32-4751-B4E9-FC505B1F38B9}"
EndProject
Global
	GlobalSection(SolutionConfigurationPlatforms) = preSolution
		Debug|Any CPU = Debug|Any CPU
		Release|Any CPU = Release|Any CPU
	EndGlobalSection
	GlobalSection(ProjectConfigurationPlatforms) = postSolution
		{9C5EA6CA-3E32-4751-B4E9-FC505B1F38B9}.Debug|Any CPU.ActiveCfg = Debug|Any CPU
		{9C5EA6CA-3E32-4751-B4E9-FC505B1F38B9}.Debug|Any CPU.Build.0 = Debug|Any CPU
		{9C5EA6CA-3E32-4751-B4E9-FC505B1F38B9}.Release|Any CPU.ActiveCfg = Release|Any CPU
		{9C5EA6CA-3E32-4751-B4E9-FC505B1F38B9}.Release|Any CPU.Build.0 = Release|Any CPU
	EndGlobalSection
	GlobalSection(SolutionProperties) = preSolution
		HideSolutionNode = FALSE
	EndGlobalSection
	GlobalSection(ExtensibilityGlobals) = postSolution
		SolutionGuid = {E0C12553-CE07-4446-BAD7-F2C85F8AE3B7}
	EndGlobalSection
EndGlobal
