
Microsoft Visual Studio Solution File, Format Version 12.00
# Visual Studio Version 16
VisualStudioVersion = 16.0.31727.386
MinimumVisualStudioVersion = 10.0.40219.1
Project("{FAE04EC0-301F-11D3-BF4B-00C04F79EFBC}") = "Item20_118page", "Item20_118page\Item20_118page.csproj", "{549C74D1-DE95-4A0A-AC9C-B8C798A77C04}"
EndProject
Global
	GlobalSection(SolutionConfigurationPlatforms) = preSolution
		Debug|Any CPU = Debug|Any CPU
		Release|Any CPU = Release|Any CPU
	EndGlobalSection
	GlobalSection(ProjectConfigurationPlatforms) = postSolution
		{549C74D1-DE95-4A0A-AC9C-B8C798A77C04}.Debug|Any CPU.ActiveCfg = Debug|Any CPU
		{549C74D1-DE95-4A0A-AC9C-B8C798A77C04}.Debug|Any CPU.Build.0 = Debug|Any CPU
		{549C74D1-DE95-4A0A-AC9C-B8C798A77C04}.Release|Any CPU.ActiveCfg = Release|Any CPU
		{549C74D1-DE95-4A0A-AC9C-B8C798A77C04}.Release|Any CPU.Build.0 = Release|Any CPU
	EndGlobalSection
	GlobalSection(SolutionProperties) = preSolution
		HideSolutionNode = FALSE
	EndGlobalSection
	GlobalSection(ExtensibilityGlobals) = postSolution
		SolutionGuid = {9C6F8439-7400-4A86-8AF8-2614765E5E14}
	EndGlobalSection
EndGlobal
