
Microsoft Visual Studio Solution File, Format Version 12.00
# Visual Studio Version 16
VisualStudioVersion = 16.0.31727.386
MinimumVisualStudioVersion = 10.0.40219.1
Project("{FAE04EC0-301F-11D3-BF4B-00C04F79EFBC}") = "Item10_58page", "Item10_58page\Item10_58page.csproj", "{2C9CBA46-B37D-4A0C-97F4-0F0C72EFD1C6}"
EndProject
Global
	GlobalSection(SolutionConfigurationPlatforms) = preSolution
		Debug|Any CPU = Debug|Any CPU
		Release|Any CPU = Release|Any CPU
	EndGlobalSection
	GlobalSection(ProjectConfigurationPlatforms) = postSolution
		{2C9CBA46-B37D-4A0C-97F4-0F0C72EFD1C6}.Debug|Any CPU.ActiveCfg = Debug|Any CPU
		{2C9CBA46-B37D-4A0C-97F4-0F0C72EFD1C6}.Debug|Any CPU.Build.0 = Debug|Any CPU
		{2C9CBA46-B37D-4A0C-97F4-0F0C72EFD1C6}.Release|Any CPU.ActiveCfg = Release|Any CPU
		{2C9CBA46-B37D-4A0C-97F4-0F0C72EFD1C6}.Release|Any CPU.Build.0 = Release|Any CPU
	EndGlobalSection
	GlobalSection(SolutionProperties) = preSolution
		HideSolutionNode = FALSE
	EndGlobalSection
	GlobalSection(ExtensibilityGlobals) = postSolution
		SolutionGuid = {9F08031C-B947-493A-BAAC-7E58C14BA18F}
	EndGlobalSection
EndGlobal
